
Microsoft Visual Studio Solution File, Format Version 12.00
# Visual Studio Version 17
VisualStudioVersion = 17.9.34616.47
MinimumVisualStudioVersion = 10.0.40219.1
Project("{FAE04EC0-301F-11D3-BF4B-00C04F79EFBC}") = "24_WPF_DinamikusUrlap", "24_WPF_DinamikusUrlap\24_WPF_DinamikusUrlap.csproj", "{8AB885C0-18F1-4753-B4CD-07CDF8ADD52D}"
EndProject
Global
	GlobalSection(SolutionConfigurationPlatforms) = preSolution
		Debug|Any CPU = Debug|Any CPU
		Release|Any CPU = Release|Any CPU
	EndGlobalSection
	GlobalSection(ProjectConfigurationPlatforms) = postSolution
		{8AB885C0-18F1-4753-B4CD-07CDF8ADD52D}.Debug|Any CPU.ActiveCfg = Debug|Any CPU
		{8AB885C0-18F1-4753-B4CD-07CDF8ADD52D}.Debug|Any CPU.Build.0 = Debug|Any CPU
		{8AB885C0-18F1-4753-B4CD-07CDF8ADD52D}.Release|Any CPU.ActiveCfg = Release|Any CPU
		{8AB885C0-18F1-4753-B4CD-07CDF8ADD52D}.Release|Any CPU.Build.0 = Release|Any CPU
	EndGlobalSection
	GlobalSection(SolutionProperties) = preSolution
		HideSolutionNode = FALSE
	EndGlobalSection
	GlobalSection(ExtensibilityGlobals) = postSolution
		SolutionGuid = {D99725AA-71A7-478E-9B88-B7EB28994F3B}
	EndGlobalSection
EndGlobal
