
Microsoft Visual Studio Solution File, Format Version 12.00
# Visual Studio Version 17
VisualStudioVersion = 17.7.34018.315
MinimumVisualStudioVersion = 10.0.40219.1
Project("{FAE04EC0-301F-11D3-BF4B-00C04F79EFBC}") = "18_EF_EgyATobbKapcsolat", "18_EF_EgyATobbKapcsolat\18_EF_EgyATobbKapcsolat.csproj", "{50255B08-F2E3-459A-93EE-2D859E3A8394}"
EndProject
Global
	GlobalSection(SolutionConfigurationPlatforms) = preSolution
		Debug|Any CPU = Debug|Any CPU
		Release|Any CPU = Release|Any CPU
	EndGlobalSection
	GlobalSection(ProjectConfigurationPlatforms) = postSolution
		{50255B08-F2E3-459A-93EE-2D859E3A8394}.Debug|Any CPU.ActiveCfg = Debug|Any CPU
		{50255B08-F2E3-459A-93EE-2D859E3A8394}.Debug|Any CPU.Build.0 = Debug|Any CPU
		{50255B08-F2E3-459A-93EE-2D859E3A8394}.Release|Any CPU.ActiveCfg = Release|Any CPU
		{50255B08-F2E3-459A-93EE-2D859E3A8394}.Release|Any CPU.Build.0 = Release|Any CPU
	EndGlobalSection
	GlobalSection(SolutionProperties) = preSolution
		HideSolutionNode = FALSE
	EndGlobalSection
	GlobalSection(ExtensibilityGlobals) = postSolution
		SolutionGuid = {512722D1-73A6-4269-A684-3BEC17EE9912}
	EndGlobalSection
EndGlobal
