
Microsoft Visual Studio Solution File, Format Version 12.00
# Visual Studio Version 17
VisualStudioVersion = 17.7.34018.315
MinimumVisualStudioVersion = 10.0.40219.1
Project("{FAE04EC0-301F-11D3-BF4B-00C04F79EFBC}") = "15_wpf_menu_pages", "15_wpf_menu_pages\15_wpf_menu_pages.csproj", "{4BE960EE-F755-4FB0-917E-C0B973629520}"
EndProject
Global
	GlobalSection(SolutionConfigurationPlatforms) = preSolution
		Debug|Any CPU = Debug|Any CPU
		Release|Any CPU = Release|Any CPU
	EndGlobalSection
	GlobalSection(ProjectConfigurationPlatforms) = postSolution
		{4BE960EE-F755-4FB0-917E-C0B973629520}.Debug|Any CPU.ActiveCfg = Debug|Any CPU
		{4BE960EE-F755-4FB0-917E-C0B973629520}.Debug|Any CPU.Build.0 = Debug|Any CPU
		{4BE960EE-F755-4FB0-917E-C0B973629520}.Release|Any CPU.ActiveCfg = Release|Any CPU
		{4BE960EE-F755-4FB0-917E-C0B973629520}.Release|Any CPU.Build.0 = Release|Any CPU
	EndGlobalSection
	GlobalSection(SolutionProperties) = preSolution
		HideSolutionNode = FALSE
	EndGlobalSection
	GlobalSection(ExtensibilityGlobals) = postSolution
		SolutionGuid = {3735EBB5-3BD3-49D0-810A-431EEE2CBFE6}
	EndGlobalSection
EndGlobal
