
Microsoft Visual Studio Solution File, Format Version 12.00
# Visual Studio Version 17
VisualStudioVersion = 17.7.34024.191
MinimumVisualStudioVersion = 10.0.40219.1
Project("{FAE04EC0-301F-11D3-BF4B-00C04F79EFBC}") = "04_wpf_interface", "04_wpf_interface\04_wpf_interface.csproj", "{1B51B676-3F80-4B6D-9A25-F6CA7A59BD2C}"
EndProject
Global
	GlobalSection(SolutionConfigurationPlatforms) = preSolution
		Debug|Any CPU = Debug|Any CPU
		Release|Any CPU = Release|Any CPU
	EndGlobalSection
	GlobalSection(ProjectConfigurationPlatforms) = postSolution
		{1B51B676-3F80-4B6D-9A25-F6CA7A59BD2C}.Debug|Any CPU.ActiveCfg = Debug|Any CPU
		{1B51B676-3F80-4B6D-9A25-F6CA7A59BD2C}.Debug|Any CPU.Build.0 = Debug|Any CPU
		{1B51B676-3F80-4B6D-9A25-F6CA7A59BD2C}.Release|Any CPU.ActiveCfg = Release|Any CPU
		{1B51B676-3F80-4B6D-9A25-F6CA7A59BD2C}.Release|Any CPU.Build.0 = Release|Any CPU
	EndGlobalSection
	GlobalSection(SolutionProperties) = preSolution
		HideSolutionNode = FALSE
	EndGlobalSection
	GlobalSection(ExtensibilityGlobals) = postSolution
		SolutionGuid = {98A7AED8-89EF-4D92-B9DC-BFDBF7DAC046}
	EndGlobalSection
EndGlobal
