
Microsoft Visual Studio Solution File, Format Version 12.00
# Visual Studio Version 17
VisualStudioVersion = 17.7.34018.315
MinimumVisualStudioVersion = 10.0.40219.1
Project("{FAE04EC0-301F-11D3-BF4B-00C04F79EFBC}") = "k02_event", "k02_event\k02_event.csproj", "{99227118-2FDB-4EA1-951A-D306480E1C45}"
EndProject
Global
	GlobalSection(SolutionConfigurationPlatforms) = preSolution
		Debug|Any CPU = Debug|Any CPU
		Release|Any CPU = Release|Any CPU
	EndGlobalSection
	GlobalSection(ProjectConfigurationPlatforms) = postSolution
		{99227118-2FDB-4EA1-951A-D306480E1C45}.Debug|Any CPU.ActiveCfg = Debug|Any CPU
		{99227118-2FDB-4EA1-951A-D306480E1C45}.Debug|Any CPU.Build.0 = Debug|Any CPU
		{99227118-2FDB-4EA1-951A-D306480E1C45}.Release|Any CPU.ActiveCfg = Release|Any CPU
		{99227118-2FDB-4EA1-951A-D306480E1C45}.Release|Any CPU.Build.0 = Release|Any CPU
	EndGlobalSection
	GlobalSection(SolutionProperties) = preSolution
		HideSolutionNode = FALSE
	EndGlobalSection
	GlobalSection(ExtensibilityGlobals) = postSolution
		SolutionGuid = {30F09266-48C6-4038-82D9-09D7B6966290}
	EndGlobalSection
EndGlobal
