
Microsoft Visual Studio Solution File, Format Version 12.00
# Visual Studio Version 17
VisualStudioVersion = 17.4.33122.133
MinimumVisualStudioVersion = 10.0.40219.1
Project("{FAE04EC0-301F-11D3-BF4B-00C04F79EFBC}") = "02_wpf_property_binding", "02_wpf_property_binding\02_wpf_property_binding.csproj", "{7AD265EF-62A3-4A6C-9BCC-A6E1800059D5}"
EndProject
Global
	GlobalSection(SolutionConfigurationPlatforms) = preSolution
		Debug|Any CPU = Debug|Any CPU
		Release|Any CPU = Release|Any CPU
	EndGlobalSection
	GlobalSection(ProjectConfigurationPlatforms) = postSolution
		{7AD265EF-62A3-4A6C-9BCC-A6E1800059D5}.Debug|Any CPU.ActiveCfg = Debug|Any CPU
		{7AD265EF-62A3-4A6C-9BCC-A6E1800059D5}.Debug|Any CPU.Build.0 = Debug|Any CPU
		{7AD265EF-62A3-4A6C-9BCC-A6E1800059D5}.Release|Any CPU.ActiveCfg = Release|Any CPU
		{7AD265EF-62A3-4A6C-9BCC-A6E1800059D5}.Release|Any CPU.Build.0 = Release|Any CPU
	EndGlobalSection
	GlobalSection(SolutionProperties) = preSolution
		HideSolutionNode = FALSE
	EndGlobalSection
	GlobalSection(ExtensibilityGlobals) = postSolution
		SolutionGuid = {5BC78ED6-2C14-473D-A582-336989280DD9}
	EndGlobalSection
EndGlobal
